
Microsoft Visual Studio Solution File, Format Version 12.00
# Visual Studio Version 16
VisualStudioVersion = 16.0.31424.327
MinimumVisualStudioVersion = 10.0.40219.1
Project("{FAE04EC0-301F-11D3-BF4B-00C04F79EFBC}") = "FormularioStackPanel", "FormularioStackPanel\FormularioStackPanel.csproj", "{191B52ED-922C-473A-B1A6-D6DC97305A7D}"
EndProject
Global
	GlobalSection(SolutionConfigurationPlatforms) = preSolution
		Debug|Any CPU = Debug|Any CPU
		Release|Any CPU = Release|Any CPU
	EndGlobalSection
	GlobalSection(ProjectConfigurationPlatforms) = postSolution
		{191B52ED-922C-473A-B1A6-D6DC97305A7D}.Debug|Any CPU.ActiveCfg = Debug|Any CPU
		{191B52ED-922C-473A-B1A6-D6DC97305A7D}.Debug|Any CPU.Build.0 = Debug|Any CPU
		{191B52ED-922C-473A-B1A6-D6DC97305A7D}.Release|Any CPU.ActiveCfg = Release|Any CPU
		{191B52ED-922C-473A-B1A6-D6DC97305A7D}.Release|Any CPU.Build.0 = Release|Any CPU
	EndGlobalSection
	GlobalSection(SolutionProperties) = preSolution
		HideSolutionNode = FALSE
	EndGlobalSection
	GlobalSection(ExtensibilityGlobals) = postSolution
		SolutionGuid = {12CBE7AB-752D-436F-9B02-AAC5E30EA296}
	EndGlobalSection
EndGlobal
